
Microsoft Visual Studio Solution File, Format Version 12.00
# Visual Studio Version 17
VisualStudioVersion = 17.7.34024.191
MinimumVisualStudioVersion = 10.0.40219.1
Project("{FAE04EC0-301F-11D3-BF4B-00C04F79EFBC}") = "Problem", "Problem.csproj", "{740EA0FA-BF7C-4F21-B808-398D76FC4BF5}"
EndProject
Project("{FAE04EC0-301F-11D3-BF4B-00C04F79EFBC}") = "Improvement", "..\ImprovementOne\Improvement.csproj", "{53C85A51-6CAA-4B86-9E80-B0581F646825}"
EndProject
Project("{FAE04EC0-301F-11D3-BF4B-00C04F79EFBC}") = "FurtherImprovement", "..\FurtherImprovement\FurtherImprovement.csproj", "{D5B76C48-4FB8-4709-96CE-011440823E83}"
EndProject
Global
	GlobalSection(SolutionConfigurationPlatforms) = preSolution
		Debug|Any CPU = Debug|Any CPU
		Release|Any CPU = Release|Any CPU
	EndGlobalSection
	GlobalSection(ProjectConfigurationPlatforms) = postSolution
		{740EA0FA-BF7C-4F21-B808-398D76FC4BF5}.Debug|Any CPU.ActiveCfg = Debug|Any CPU
		{740EA0FA-BF7C-4F21-B808-398D76FC4BF5}.Debug|Any CPU.Build.0 = Debug|Any CPU
		{740EA0FA-BF7C-4F21-B808-398D76FC4BF5}.Release|Any CPU.ActiveCfg = Release|Any CPU
		{740EA0FA-BF7C-4F21-B808-398D76FC4BF5}.Release|Any CPU.Build.0 = Release|Any CPU
		{53C85A51-6CAA-4B86-9E80-B0581F646825}.Debug|Any CPU.ActiveCfg = Debug|Any CPU
		{53C85A51-6CAA-4B86-9E80-B0581F646825}.Debug|Any CPU.Build.0 = Debug|Any CPU
		{53C85A51-6CAA-4B86-9E80-B0581F646825}.Release|Any CPU.ActiveCfg = Release|Any CPU
		{53C85A51-6CAA-4B86-9E80-B0581F646825}.Release|Any CPU.Build.0 = Release|Any CPU
		{D5B76C48-4FB8-4709-96CE-011440823E83}.Debug|Any CPU.ActiveCfg = Debug|Any CPU
		{D5B76C48-4FB8-4709-96CE-011440823E83}.Debug|Any CPU.Build.0 = Debug|Any CPU
		{D5B76C48-4FB8-4709-96CE-011440823E83}.Release|Any CPU.ActiveCfg = Release|Any CPU
		{D5B76C48-4FB8-4709-96CE-011440823E83}.Release|Any CPU.Build.0 = Release|Any CPU
	EndGlobalSection
	GlobalSection(SolutionProperties) = preSolution
		HideSolutionNode = FALSE
	EndGlobalSection
	GlobalSection(ExtensibilityGlobals) = postSolution
		SolutionGuid = {4A96A249-44C7-4EB3-BA12-721791917F0B}
	EndGlobalSection
EndGlobal
